<?xml version="1.0" encoding="utf-8"?>
<Project ToolsVersion="4.0" xmlns="http://schemas.microsoft.com/developer/msbuild/2003">
  <ItemGroup>
    <Filter Include="Source Files">
      <UniqueIdentifier>{4FC737F1-C7A5-4376-A066-2A32D752A2FF}</UniqueIdentifier>
      <Extensions>cpp;c;cc;cxx;c++;cppm;ixx;def;odl;idl;hpj;bat;asm;asmx</Extensions>
    </Filter>
    <Filter Include="Header Files">
      <UniqueIdentifier>{93995380-89BD-4b04-88EB-625FBE52EBFB}</UniqueIdentifier>
      <Extensions>h;hh;hpp;hxx;h++;hm;inl;inc;ipp;xsd</Extensions>
    </Filter>
    <Filter Include="Resource Files">
      <UniqueIdentifier>{67DA6AB6-F800-4c08-8B7A-83BB121AAD01}</UniqueIdentifier>
      <Extensions>rc;ico;cur;bmp;dlg;rc2;rct;bin;rgs;gif;jpg;jpeg;jpe;resx;tiff;tif;png;wav;mfcribbon-ms</Extensions>
    </Filter>
    <Filter Include="Examples">
      <UniqueIdentifier>{e0c1eb13-c061-426a-b078-f5fdaf5598f0}</UniqueIdentifier>
    </Filter>
    <Filter Include="Source Files\shaders">
      <UniqueIdentifier>{25d22bb9-4d59-46fc-82ba-253e814067d7}</UniqueIdentifier>
    </Filter>
  </ItemGroup>
  <ItemGroup>
    <ClCompile Include="src\main.cpp">
      <Filter>Source Files</Filter>
    </ClCompile>
    <ClCompile Include="src\scene_1.cpp">
      <Filter>Source Files</Filter>
    </ClCompile>
    <ClCompile Include="src\Examples\example_1.cpp">
      <Filter>Examples</Filter>
    </ClCompile>
    <ClCompile Include="src\Examples\NormalMapping.cpp">
      <Filter>Examples</Filter>
    </ClCompile>
  </ItemGroup>
  <ItemGroup>
    <ClInclude Include="src\Camera.h">
      <Filter>Source Files</Filter>
    </ClInclude>
    <ClInclude Include="src\scene_1.h">
      <Filter>Source Files</Filter>
    </ClInclude>
    <ClInclude Include="src\Vertex.h">
      <Filter>Source Files</Filter>
    </ClInclude>
    <ClInclude Include="src\Examples\freeimage\include\FreeImage.h">
      <Filter>Header Files</Filter>
    </ClInclude>
    <ClInclude Include="src\Examples\example_1.h">
      <Filter>Examples</Filter>
    </ClInclude>
    <ClInclude Include="src\Examples\example_2.h">
      <Filter>Examples</Filter>
    </ClInclude>
    <ClInclude Include="src\Examples\example_3.h">
      <Filter>Examples</Filter>
    </ClInclude>
    <ClInclude Include="src\Examples\example_4.h">
      <Filter>Examples</Filter>
    </ClInclude>
    <ClInclude Include="src\Examples\NormalMapping.h">
      <Filter>Examples</Filter>
    </ClInclude>
    <ClInclude Include="src\Examples\test_shaders.h">
      <Filter>Examples</Filter>
    </ClInclude>
    <ClInclude Include="src\Omnilight.h">
      <Filter>Source Files</Filter>
    </ClInclude>
    <ClInclude Include="src\FileUtils.h">
      <Filter>Source Files</Filter>
    </ClInclude>
    <ClInclude Include="src\Skybox.h">
      <Filter>Source Files</Filter>
    </ClInclude>
    <ClInclude Include="src\Texture.h">
      <Filter>Source Files</Filter>
    </ClInclude>
    <ClInclude Include="src\Utils.h">
      <Filter>Source Files</Filter>
    </ClInclude>
    <ClInclude Include="src\Plane.h">
      <Filter>Source Files</Filter>
    </ClInclude>
    <ClInclude Include="src\controls.h">
      <Filter>Source Files</Filter>
    </ClInclude>
    <ClInclude Include="example_6.h">
      <Filter>Examples</Filter>
    </ClInclude>
    <ClInclude Include="src\Portal.h">
      <Filter>Source Files</Filter>
    </ClInclude>
    <ClInclude Include="src\PortalPair.h">
      <Filter>Source Files</Filter>
    </ClInclude>
    <ClInclude Include="src\TexturedModel.h">
      <Filter>Source Files</Filter>
    </ClInclude>
    <ClInclude Include="src\Model.h">
      <Filter>Source Files</Filter>
    </ClInclude>
    <ClInclude Include="src\Billboard.h">
      <Filter>Source Files</Filter>
    </ClInclude>
    <ClInclude Include="src\Mirror.h">
      <Filter>Source Files</Filter>
    </ClInclude>
  </ItemGroup>
  <ItemGroup>
    <None Include="NBlinnVertex.glsl">
      <Filter>Examples</Filter>
    </None>
    <None Include="NBlinnFragment.glsl">
      <Filter>Examples</Filter>
    </None>
    <None Include="2d.vert">
      <Filter>Source Files\shaders</Filter>
    </None>
    <None Include="2d.frag">
      <Filter>Source Files\shaders</Filter>
    </None>
    <None Include="nuller.frag">
      <Filter>Source Files\shaders</Filter>
    </None>
    <None Include="nuller.vert">
      <Filter>Source Files\shaders</Filter>
    </None>
    <None Include="skybox.frag">
      <Filter>Source Files\shaders</Filter>
    </None>
    <None Include="skybox.vert">
      <Filter>Source Files\shaders</Filter>
    </None>
    <None Include="main.frag">
      <Filter>Source Files\shaders</Filter>
    </None>
    <None Include="main.vert">
      <Filter>Source Files\shaders</Filter>
    </None>
    <None Include="fog.frag">
      <Filter>Source Files\shaders</Filter>
    </None>
    <None Include="fog.vert">
      <Filter>Source Files\shaders</Filter>
    </None>
    <None Include="billboard.frag">
      <Filter>Source Files\shaders</Filter>
    </None>
    <None Include="billboard.vert">
      <Filter>Source Files\shaders</Filter>
    </None>
    <None Include="motion_blur.frag">
      <Filter>Source Files\shaders</Filter>
    </None>
    <None Include="motion_blur.vert">
      <Filter>Source Files\shaders</Filter>
    </None>
  </ItemGroup>
</Project>